
Microsoft Visual Studio Solution File, Format Version 12.00
# Visual Studio 15
VisualStudioVersion = 15.0.28307.421
MinimumVisualStudioVersion = 10.0.40219.1
Project("{FAE04EC0-301F-11D3-BF4B-00C04F79EFBC}") = "CadastroCliente", "CadastroCliente\CadastroCliente.csproj", "{D02DF154-ACF6-4615-83B5-F4787057B4E7}"
EndProject
Global
	GlobalSection(SolutionConfigurationPlatforms) = preSolution
		Debug|Any CPU = Debug|Any CPU
		Release|Any CPU = Release|Any CPU
	EndGlobalSection
	GlobalSection(ProjectConfigurationPlatforms) = postSolution
		{D02DF154-ACF6-4615-83B5-F4787057B4E7}.Debug|Any CPU.ActiveCfg = Debug|Any CPU
		{D02DF154-ACF6-4615-83B5-F4787057B4E7}.Debug|Any CPU.Build.0 = Debug|Any CPU
		{D02DF154-ACF6-4615-83B5-F4787057B4E7}.Release|Any CPU.ActiveCfg = Release|Any CPU
		{D02DF154-ACF6-4615-83B5-F4787057B4E7}.Release|Any CPU.Build.0 = Release|Any CPU
	EndGlobalSection
	GlobalSection(SolutionProperties) = preSolution
		HideSolutionNode = FALSE
	EndGlobalSection
	GlobalSection(ExtensibilityGlobals) = postSolution
		SolutionGuid = {E45763C3-5578-4B18-ACB4-BBC729AB1DB3}
	EndGlobalSection
EndGlobal
